
Microsoft Visual Studio Solution File, Format Version 12.00
# Visual Studio 2013
VisualStudioVersion = 12.0.30501.0
MinimumVisualStudioVersion = 10.0.40219.1
Project("{2150E333-8FDC-42A3-9474-1A3956D46DE8}") = "TumbleMe", "TumbleMe", "{A1296F27-F12B-4E01-B80D-14F156FA1CEF}"
EndProject
Project("{D954291E-2A0B-460D-934E-DC6B0785DB48}") = "TumbleMe.Shared", "TumbleMe\TumbleMe.Shared\TumbleMe.Shared.shproj", "{0A8EC04C-0182-4C9C-88BA-DD26F182442E}"
EndProject
Project("{FAE04EC0-301F-11D3-BF4B-00C04F79EFBC}") = "TumbleMe.Windows", "TumbleMe\TumbleMe.Windows\TumbleMe.Windows.csproj", "{DD22173B-038A-43CD-947B-1B8D536AB434}"
EndProject
Project("{FAE04EC0-301F-11D3-BF4B-00C04F79EFBC}") = "TumbleMe.WindowsPhone", "TumbleMe\TumbleMe.WindowsPhone\TumbleMe.WindowsPhone.csproj", "{690D49BB-042D-4225-90C0-5F3FB559BD53}"
EndProject
Project("{FAE04EC0-301F-11D3-BF4B-00C04F79EFBC}") = "TumbleMe.Silverlight81", "TumbleMe\TumbleMe.Silverlight81\TumbleMe.Silverlight81.csproj", "{014B41B4-8AB3-4E6C-AE0D-DE5B7B6D770D}"
EndProject
Global
	GlobalSection(SharedMSBuildProjectFiles) = preSolution
		TumbleMe\TumbleMe.Shared\TumbleMe.Shared.projitems*{dd22173b-038a-43cd-947b-1b8d536ab434}*SharedItemsImports = 4
		TumbleMe\TumbleMe.Shared\TumbleMe.Shared.projitems*{0a8ec04c-0182-4c9c-88ba-dd26f182442e}*SharedItemsImports = 13
		TumbleMe\TumbleMe.Shared\TumbleMe.Shared.projitems*{690d49bb-042d-4225-90c0-5f3fb559bd53}*SharedItemsImports = 4
	EndGlobalSection
	GlobalSection(SolutionConfigurationPlatforms) = preSolution
		Debug|Any CPU = Debug|Any CPU
		Debug|ARM = Debug|ARM
		Debug|x64 = Debug|x64
		Debug|x86 = Debug|x86
		Release|Any CPU = Release|Any CPU
		Release|ARM = Release|ARM
		Release|x64 = Release|x64
		Release|x86 = Release|x86
	EndGlobalSection
	GlobalSection(ProjectConfigurationPlatforms) = postSolution
		{DD22173B-038A-43CD-947B-1B8D536AB434}.Debug|Any CPU.ActiveCfg = Debug|Any CPU
		{DD22173B-038A-43CD-947B-1B8D536AB434}.Debug|Any CPU.Build.0 = Debug|Any CPU
		{DD22173B-038A-43CD-947B-1B8D536AB434}.Debug|Any CPU.Deploy.0 = Debug|Any CPU
		{DD22173B-038A-43CD-947B-1B8D536AB434}.Debug|ARM.ActiveCfg = Debug|ARM
		{DD22173B-038A-43CD-947B-1B8D536AB434}.Debug|ARM.Build.0 = Debug|ARM
		{DD22173B-038A-43CD-947B-1B8D536AB434}.Debug|ARM.Deploy.0 = Debug|ARM
		{DD22173B-038A-43CD-947B-1B8D536AB434}.Debug|x64.ActiveCfg = Debug|x64
		{DD22173B-038A-43CD-947B-1B8D536AB434}.Debug|x64.Build.0 = Debug|x64
		{DD22173B-038A-43CD-947B-1B8D536AB434}.Debug|x64.Deploy.0 = Debug|x64
		{DD22173B-038A-43CD-947B-1B8D536AB434}.Debug|x86.ActiveCfg = Debug|x86
		{DD22173B-038A-43CD-947B-1B8D536AB434}.Debug|x86.Build.0 = Debug|x86
		{DD22173B-038A-43CD-947B-1B8D536AB434}.Debug|x86.Deploy.0 = Debug|x86
		{DD22173B-038A-43CD-947B-1B8D536AB434}.Release|Any CPU.ActiveCfg = Release|Any CPU
		{DD22173B-038A-43CD-947B-1B8D536AB434}.Release|Any CPU.Build.0 = Release|Any CPU
		{DD22173B-038A-43CD-947B-1B8D536AB434}.Release|Any CPU.Deploy.0 = Release|Any CPU
		{DD22173B-038A-43CD-947B-1B8D536AB434}.Release|ARM.ActiveCfg = Release|ARM
		{DD22173B-038A-43CD-947B-1B8D536AB434}.Release|ARM.Build.0 = Release|ARM
		{DD22173B-038A-43CD-947B-1B8D536AB434}.Release|ARM.Deploy.0 = Release|ARM
		{DD22173B-038A-43CD-947B-1B8D536AB434}.Release|x64.ActiveCfg = Release|x64
		{DD22173B-038A-43CD-947B-1B8D536AB434}.Release|x64.Build.0 = Release|x64
		{DD22173B-038A-43CD-947B-1B8D536AB434}.Release|x64.Deploy.0 = Release|x64
		{DD22173B-038A-43CD-947B-1B8D536AB434}.Release|x86.ActiveCfg = Release|x86
		{DD22173B-038A-43CD-947B-1B8D536AB434}.Release|x86.Build.0 = Release|x86
		{DD22173B-038A-43CD-947B-1B8D536AB434}.Release|x86.Deploy.0 = Release|x86
		{690D49BB-042D-4225-90C0-5F3FB559BD53}.Debug|Any CPU.ActiveCfg = Debug|Any CPU
		{690D49BB-042D-4225-90C0-5F3FB559BD53}.Debug|Any CPU.Build.0 = Debug|Any CPU
		{690D49BB-042D-4225-90C0-5F3FB559BD53}.Debug|Any CPU.Deploy.0 = Debug|Any CPU
		{690D49BB-042D-4225-90C0-5F3FB559BD53}.Debug|ARM.ActiveCfg = Debug|ARM
		{690D49BB-042D-4225-90C0-5F3FB559BD53}.Debug|ARM.Build.0 = Debug|ARM
		{690D49BB-042D-4225-90C0-5F3FB559BD53}.Debug|ARM.Deploy.0 = Debug|ARM
		{690D49BB-042D-4225-90C0-5F3FB559BD53}.Debug|x64.ActiveCfg = Debug|Any CPU
		{690D49BB-042D-4225-90C0-5F3FB559BD53}.Debug|x86.ActiveCfg = Debug|x86
		{690D49BB-042D-4225-90C0-5F3FB559BD53}.Debug|x86.Build.0 = Debug|x86
		{690D49BB-042D-4225-90C0-5F3FB559BD53}.Debug|x86.Deploy.0 = Debug|x86
		{690D49BB-042D-4225-90C0-5F3FB559BD53}.Release|Any CPU.ActiveCfg = Release|Any CPU
		{690D49BB-042D-4225-90C0-5F3FB559BD53}.Release|Any CPU.Build.0 = Release|Any CPU
		{690D49BB-042D-4225-90C0-5F3FB559BD53}.Release|Any CPU.Deploy.0 = Release|Any CPU
		{690D49BB-042D-4225-90C0-5F3FB559BD53}.Release|ARM.ActiveCfg = Release|ARM
		{690D49BB-042D-4225-90C0-5F3FB559BD53}.Release|ARM.Build.0 = Release|ARM
		{690D49BB-042D-4225-90C0-5F3FB559BD53}.Release|ARM.Deploy.0 = Release|ARM
		{690D49BB-042D-4225-90C0-5F3FB559BD53}.Release|x64.ActiveCfg = Release|Any CPU
		{690D49BB-042D-4225-90C0-5F3FB559BD53}.Release|x86.ActiveCfg = Release|x86
		{690D49BB-042D-4225-90C0-5F3FB559BD53}.Release|x86.Build.0 = Release|x86
		{690D49BB-042D-4225-90C0-5F3FB559BD53}.Release|x86.Deploy.0 = Release|x86
		{014B41B4-8AB3-4E6C-AE0D-DE5B7B6D770D}.Debug|Any CPU.ActiveCfg = Debug|Any CPU
		{014B41B4-8AB3-4E6C-AE0D-DE5B7B6D770D}.Debug|Any CPU.Build.0 = Debug|Any CPU
		{014B41B4-8AB3-4E6C-AE0D-DE5B7B6D770D}.Debug|Any CPU.Deploy.0 = Debug|Any CPU
		{014B41B4-8AB3-4E6C-AE0D-DE5B7B6D770D}.Debug|ARM.ActiveCfg = Debug|ARM
		{014B41B4-8AB3-4E6C-AE0D-DE5B7B6D770D}.Debug|ARM.Build.0 = Debug|ARM
		{014B41B4-8AB3-4E6C-AE0D-DE5B7B6D770D}.Debug|ARM.Deploy.0 = Debug|ARM
		{014B41B4-8AB3-4E6C-AE0D-DE5B7B6D770D}.Debug|x64.ActiveCfg = Debug|Any CPU
		{014B41B4-8AB3-4E6C-AE0D-DE5B7B6D770D}.Debug|x86.ActiveCfg = Debug|x86
		{014B41B4-8AB3-4E6C-AE0D-DE5B7B6D770D}.Debug|x86.Build.0 = Debug|x86
		{014B41B4-8AB3-4E6C-AE0D-DE5B7B6D770D}.Debug|x86.Deploy.0 = Debug|x86
		{014B41B4-8AB3-4E6C-AE0D-DE5B7B6D770D}.Release|Any CPU.ActiveCfg = Release|Any CPU
		{014B41B4-8AB3-4E6C-AE0D-DE5B7B6D770D}.Release|Any CPU.Build.0 = Release|Any CPU
		{014B41B4-8AB3-4E6C-AE0D-DE5B7B6D770D}.Release|Any CPU.Deploy.0 = Release|Any CPU
		{014B41B4-8AB3-4E6C-AE0D-DE5B7B6D770D}.Release|ARM.ActiveCfg = Release|ARM
		{014B41B4-8AB3-4E6C-AE0D-DE5B7B6D770D}.Release|ARM.Build.0 = Release|ARM
		{014B41B4-8AB3-4E6C-AE0D-DE5B7B6D770D}.Release|ARM.Deploy.0 = Release|ARM
		{014B41B4-8AB3-4E6C-AE0D-DE5B7B6D770D}.Release|x64.ActiveCfg = Release|Any CPU
		{014B41B4-8AB3-4E6C-AE0D-DE5B7B6D770D}.Release|x86.ActiveCfg = Release|x86
		{014B41B4-8AB3-4E6C-AE0D-DE5B7B6D770D}.Release|x86.Build.0 = Release|x86
		{014B41B4-8AB3-4E6C-AE0D-DE5B7B6D770D}.Release|x86.Deploy.0 = Release|x86
	EndGlobalSection
	GlobalSection(SolutionProperties) = preSolution
		HideSolutionNode = FALSE
	EndGlobalSection
	GlobalSection(NestedProjects) = preSolution
		{0A8EC04C-0182-4C9C-88BA-DD26F182442E} = {A1296F27-F12B-4E01-B80D-14F156FA1CEF}
		{DD22173B-038A-43CD-947B-1B8D536AB434} = {A1296F27-F12B-4E01-B80D-14F156FA1CEF}
		{690D49BB-042D-4225-90C0-5F3FB559BD53} = {A1296F27-F12B-4E01-B80D-14F156FA1CEF}
		{014B41B4-8AB3-4E6C-AE0D-DE5B7B6D770D} = {A1296F27-F12B-4E01-B80D-14F156FA1CEF}
	EndGlobalSection
EndGlobal
